
Microsoft Visual Studio Solution File, Format Version 12.00
# Visual Studio 15
VisualStudioVersion = 15.0.28307.1022
MinimumVisualStudioVersion = 10.0.40219.1
Project("{9A19103F-16F7-4668-BE54-9A1E7A4F7556}") = "JeuOP", "JeuOP\JeuOP.csproj", "{F711F031-53E5-4B26-B938-213C47686C7C}"
EndProject
Project("{FAE04EC0-301F-11D3-BF4B-00C04F79EFBC}") = "WindowsFormsjeuOP", "WindowsFormsjeuOP\WindowsFormsjeuOP.csproj", "{303E7750-93E0-4A3E-AD67-CBE2969A8E0A}"
EndProject
Project("{FAE04EC0-301F-11D3-BF4B-00C04F79EFBC}") = "UnitTestProject2", "UnitTestProject2\UnitTestProject2.csproj", "{8C95A162-0CDF-46B0-8231-428F49FC4C94}"
EndProject
Global
	GlobalSection(SolutionConfigurationPlatforms) = preSolution
		Debug|Any CPU = Debug|Any CPU
		Release|Any CPU = Release|Any CPU
	EndGlobalSection
	GlobalSection(ProjectConfigurationPlatforms) = postSolution
		{F711F031-53E5-4B26-B938-213C47686C7C}.Debug|Any CPU.ActiveCfg = Debug|Any CPU
		{F711F031-53E5-4B26-B938-213C47686C7C}.Debug|Any CPU.Build.0 = Debug|Any CPU
		{F711F031-53E5-4B26-B938-213C47686C7C}.Release|Any CPU.ActiveCfg = Release|Any CPU
		{F711F031-53E5-4B26-B938-213C47686C7C}.Release|Any CPU.Build.0 = Release|Any CPU
		{303E7750-93E0-4A3E-AD67-CBE2969A8E0A}.Debug|Any CPU.ActiveCfg = Debug|Any CPU
		{303E7750-93E0-4A3E-AD67-CBE2969A8E0A}.Debug|Any CPU.Build.0 = Debug|Any CPU
		{303E7750-93E0-4A3E-AD67-CBE2969A8E0A}.Release|Any CPU.ActiveCfg = Release|Any CPU
		{303E7750-93E0-4A3E-AD67-CBE2969A8E0A}.Release|Any CPU.Build.0 = Release|Any CPU
		{8C95A162-0CDF-46B0-8231-428F49FC4C94}.Debug|Any CPU.ActiveCfg = Debug|Any CPU
		{8C95A162-0CDF-46B0-8231-428F49FC4C94}.Debug|Any CPU.Build.0 = Debug|Any CPU
		{8C95A162-0CDF-46B0-8231-428F49FC4C94}.Release|Any CPU.ActiveCfg = Release|Any CPU
		{8C95A162-0CDF-46B0-8231-428F49FC4C94}.Release|Any CPU.Build.0 = Release|Any CPU
	EndGlobalSection
	GlobalSection(SolutionProperties) = preSolution
		HideSolutionNode = FALSE
	EndGlobalSection
	GlobalSection(ExtensibilityGlobals) = postSolution
		SolutionGuid = {C75264FC-5F34-4B55-8BB7-C314DFCF5DFC}
	EndGlobalSection
EndGlobal
